
Microsoft Visual Studio Solution File, Format Version 12.00
# Visual Studio Version 17
VisualStudioVersion = 17.5.33530.505
MinimumVisualStudioVersion = 10.0.40219.1
Project("{FAE04EC0-301F-11D3-BF4B-00C04F79EFBC}") = "simplest-wpf-usercontrol-binding-sample", "simplest-wpf-usercontrol-binding-sample\simplest-wpf-usercontrol-binding-sample.csproj", "{5F84002A-4766-412F-A6E4-592C1B89E58E}"
EndProject
Global
	GlobalSection(SolutionConfigurationPlatforms) = preSolution
		Debug|Any CPU = Debug|Any CPU
		Release|Any CPU = Release|Any CPU
	EndGlobalSection
	GlobalSection(ProjectConfigurationPlatforms) = postSolution
		{5F84002A-4766-412F-A6E4-592C1B89E58E}.Debug|Any CPU.ActiveCfg = Debug|Any CPU
		{5F84002A-4766-412F-A6E4-592C1B89E58E}.Debug|Any CPU.Build.0 = Debug|Any CPU
		{5F84002A-4766-412F-A6E4-592C1B89E58E}.Release|Any CPU.ActiveCfg = Release|Any CPU
		{5F84002A-4766-412F-A6E4-592C1B89E58E}.Release|Any CPU.Build.0 = Release|Any CPU
	EndGlobalSection
	GlobalSection(SolutionProperties) = preSolution
		HideSolutionNode = FALSE
	EndGlobalSection
	GlobalSection(ExtensibilityGlobals) = postSolution
		SolutionGuid = {DC417D12-58FC-426F-9F4F-CD89EB87FA3B}
	EndGlobalSection
EndGlobal
